
Microsoft Visual Studio Solution File, Format Version 12.00
# Visual Studio Version 17
VisualStudioVersion = 17.3.32825.248
MinimumVisualStudioVersion = 10.0.40219.1
Project("{FAE04EC0-301F-11D3-BF4B-00C04F79EFBC}") = "pianinonerabotaet", "pianinonerabotaet\pianinonerabotaet.csproj", "{4367F2C8-3E79-4F31-B2EE-2936B3E306FF}"
EndProject
Global
	GlobalSection(SolutionConfigurationPlatforms) = preSolution
		Debug|Any CPU = Debug|Any CPU
		Release|Any CPU = Release|Any CPU
	EndGlobalSection
	GlobalSection(ProjectConfigurationPlatforms) = postSolution
		{4367F2C8-3E79-4F31-B2EE-2936B3E306FF}.Debug|Any CPU.ActiveCfg = Debug|Any CPU
		{4367F2C8-3E79-4F31-B2EE-2936B3E306FF}.Debug|Any CPU.Build.0 = Debug|Any CPU
		{4367F2C8-3E79-4F31-B2EE-2936B3E306FF}.Release|Any CPU.ActiveCfg = Release|Any CPU
		{4367F2C8-3E79-4F31-B2EE-2936B3E306FF}.Release|Any CPU.Build.0 = Release|Any CPU
	EndGlobalSection
	GlobalSection(SolutionProperties) = preSolution
		HideSolutionNode = FALSE
	EndGlobalSection
	GlobalSection(ExtensibilityGlobals) = postSolution
		SolutionGuid = {CB34906D-3698-47AF-A1B1-2347AA7782F2}
	EndGlobalSection
EndGlobal
